
Microsoft Visual Studio Solution File, Format Version 12.00
# Visual Studio Version 16
VisualStudioVersion = 16.0.29519.181
MinimumVisualStudioVersion = 10.0.40219.1
Project("{FAE04EC0-301F-11D3-BF4B-00C04F79EFBC}") = "Epam.Mercato.DAL", "Epam.Mercato.DAL\Epam.Mercato.DAL.csproj", "{D96241C7-9EAB-4B83-A45B-5015799FA794}"
EndProject
Project("{FAE04EC0-301F-11D3-BF4B-00C04F79EFBC}") = "Epam.Mercato.DAO.Interfaces", "Epam.Mercato.DAO.Interfaces\Epam.Mercato.DAO.Interfaces.csproj", "{4DD171DB-B797-495C-A0C2-73525B53E6FD}"
EndProject
Project("{FAE04EC0-301F-11D3-BF4B-00C04F79EFBC}") = "Epam.Mercato.BLL", "Epam.Mercato.BLL\Epam.Mercato.BLL.csproj", "{4A62617B-7E38-4CD4-B7BF-5A18AFE2EAE4}"
EndProject
Project("{FAE04EC0-301F-11D3-BF4B-00C04F79EFBC}") = "Epam.Mercato.BLL.Interfaces", "Epam.Mercato.BLL.Interfaces\Epam.Mercato.BLL.Interfaces.csproj", "{911D47CB-5D19-43AD-B84A-E55EBCC98FF1}"
EndProject
Project("{FAE04EC0-301F-11D3-BF4B-00C04F79EFBC}") = "Epam.Mercato.Entities", "Epam.Mercato.Entities\Epam.Mercato.Entities.csproj", "{45680E6C-7721-4DAC-BADC-D581839606F9}"
EndProject
Project("{FAE04EC0-301F-11D3-BF4B-00C04F79EFBC}") = "Epam.Mercato.Handlers", "Epam.Mercato.Handlers\Epam.Mercato.Handlers.csproj", "{5A95695E-D071-4D19-9ECB-CA538E7172AF}"
EndProject
Project("{FAE04EC0-301F-11D3-BF4B-00C04F79EFBC}") = "Epam.Mercato.IOC", "Epam.Mercato.IOC\Epam.Mercato.IOC.csproj", "{3324EB13-E468-476F-9EA2-E9890F16F788}"
EndProject
Project("{2150E333-8FDC-42A3-9474-1A3956D46DE8}") = "DAL", "DAL", "{1B086B4B-44BD-4EDC-A655-2D11AD818C46}"
EndProject
Project("{2150E333-8FDC-42A3-9474-1A3956D46DE8}") = "BLL", "BLL", "{19EE2057-428A-4A42-87CB-E36BF647B57B}"
EndProject
Project("{2150E333-8FDC-42A3-9474-1A3956D46DE8}") = "PL", "PL", "{9F0F5BB2-F3A6-4D7A-9320-880B8F8AD011}"
EndProject
Project("{FAE04EC0-301F-11D3-BF4B-00C04F79EFBC}") = "Epam.Mercato.WebPL", "Epam.Mercato.WebPL\Epam.Mercato.WebPL.csproj", "{A06D1880-9859-4DB9-9878-B68FC7309F79}"
EndProject
Project("{2150E333-8FDC-42A3-9474-1A3956D46DE8}") = "Common", "Common", "{A41EFA32-F6C2-462C-A039-F06777E624C5}"
EndProject
Global
	GlobalSection(SolutionConfigurationPlatforms) = preSolution
		Debug|Any CPU = Debug|Any CPU
		Release|Any CPU = Release|Any CPU
	EndGlobalSection
	GlobalSection(ProjectConfigurationPlatforms) = postSolution
		{D96241C7-9EAB-4B83-A45B-5015799FA794}.Debug|Any CPU.ActiveCfg = Debug|Any CPU
		{D96241C7-9EAB-4B83-A45B-5015799FA794}.Debug|Any CPU.Build.0 = Debug|Any CPU
		{D96241C7-9EAB-4B83-A45B-5015799FA794}.Release|Any CPU.ActiveCfg = Release|Any CPU
		{D96241C7-9EAB-4B83-A45B-5015799FA794}.Release|Any CPU.Build.0 = Release|Any CPU
		{4DD171DB-B797-495C-A0C2-73525B53E6FD}.Debug|Any CPU.ActiveCfg = Debug|Any CPU
		{4DD171DB-B797-495C-A0C2-73525B53E6FD}.Debug|Any CPU.Build.0 = Debug|Any CPU
		{4DD171DB-B797-495C-A0C2-73525B53E6FD}.Release|Any CPU.ActiveCfg = Release|Any CPU
		{4DD171DB-B797-495C-A0C2-73525B53E6FD}.Release|Any CPU.Build.0 = Release|Any CPU
		{4A62617B-7E38-4CD4-B7BF-5A18AFE2EAE4}.Debug|Any CPU.ActiveCfg = Debug|Any CPU
		{4A62617B-7E38-4CD4-B7BF-5A18AFE2EAE4}.Debug|Any CPU.Build.0 = Debug|Any CPU
		{4A62617B-7E38-4CD4-B7BF-5A18AFE2EAE4}.Release|Any CPU.ActiveCfg = Release|Any CPU
		{4A62617B-7E38-4CD4-B7BF-5A18AFE2EAE4}.Release|Any CPU.Build.0 = Release|Any CPU
		{911D47CB-5D19-43AD-B84A-E55EBCC98FF1}.Debug|Any CPU.ActiveCfg = Debug|Any CPU
		{911D47CB-5D19-43AD-B84A-E55EBCC98FF1}.Debug|Any CPU.Build.0 = Debug|Any CPU
		{911D47CB-5D19-43AD-B84A-E55EBCC98FF1}.Release|Any CPU.ActiveCfg = Release|Any CPU
		{911D47CB-5D19-43AD-B84A-E55EBCC98FF1}.Release|Any CPU.Build.0 = Release|Any CPU
		{45680E6C-7721-4DAC-BADC-D581839606F9}.Debug|Any CPU.ActiveCfg = Debug|Any CPU
		{45680E6C-7721-4DAC-BADC-D581839606F9}.Debug|Any CPU.Build.0 = Debug|Any CPU
		{45680E6C-7721-4DAC-BADC-D581839606F9}.Release|Any CPU.ActiveCfg = Release|Any CPU
		{45680E6C-7721-4DAC-BADC-D581839606F9}.Release|Any CPU.Build.0 = Release|Any CPU
		{5A95695E-D071-4D19-9ECB-CA538E7172AF}.Debug|Any CPU.ActiveCfg = Debug|Any CPU
		{5A95695E-D071-4D19-9ECB-CA538E7172AF}.Debug|Any CPU.Build.0 = Debug|Any CPU
		{5A95695E-D071-4D19-9ECB-CA538E7172AF}.Release|Any CPU.ActiveCfg = Release|Any CPU
		{5A95695E-D071-4D19-9ECB-CA538E7172AF}.Release|Any CPU.Build.0 = Release|Any CPU
		{3324EB13-E468-476F-9EA2-E9890F16F788}.Debug|Any CPU.ActiveCfg = Debug|Any CPU
		{3324EB13-E468-476F-9EA2-E9890F16F788}.Debug|Any CPU.Build.0 = Debug|Any CPU
		{3324EB13-E468-476F-9EA2-E9890F16F788}.Release|Any CPU.ActiveCfg = Release|Any CPU
		{3324EB13-E468-476F-9EA2-E9890F16F788}.Release|Any CPU.Build.0 = Release|Any CPU
		{A06D1880-9859-4DB9-9878-B68FC7309F79}.Debug|Any CPU.ActiveCfg = Debug|Any CPU
		{A06D1880-9859-4DB9-9878-B68FC7309F79}.Debug|Any CPU.Build.0 = Debug|Any CPU
		{A06D1880-9859-4DB9-9878-B68FC7309F79}.Release|Any CPU.ActiveCfg = Release|Any CPU
		{A06D1880-9859-4DB9-9878-B68FC7309F79}.Release|Any CPU.Build.0 = Release|Any CPU
	EndGlobalSection
	GlobalSection(SolutionProperties) = preSolution
		HideSolutionNode = FALSE
	EndGlobalSection
	GlobalSection(NestedProjects) = preSolution
		{D96241C7-9EAB-4B83-A45B-5015799FA794} = {1B086B4B-44BD-4EDC-A655-2D11AD818C46}
		{4DD171DB-B797-495C-A0C2-73525B53E6FD} = {1B086B4B-44BD-4EDC-A655-2D11AD818C46}
		{4A62617B-7E38-4CD4-B7BF-5A18AFE2EAE4} = {19EE2057-428A-4A42-87CB-E36BF647B57B}
		{911D47CB-5D19-43AD-B84A-E55EBCC98FF1} = {19EE2057-428A-4A42-87CB-E36BF647B57B}
		{45680E6C-7721-4DAC-BADC-D581839606F9} = {A41EFA32-F6C2-462C-A039-F06777E624C5}
		{5A95695E-D071-4D19-9ECB-CA538E7172AF} = {A41EFA32-F6C2-462C-A039-F06777E624C5}
		{3324EB13-E468-476F-9EA2-E9890F16F788} = {A41EFA32-F6C2-462C-A039-F06777E624C5}
		{A06D1880-9859-4DB9-9878-B68FC7309F79} = {9F0F5BB2-F3A6-4D7A-9320-880B8F8AD011}
	EndGlobalSection
	GlobalSection(ExtensibilityGlobals) = postSolution
		SolutionGuid = {8DD59DFF-CA20-4DEE-B8EE-99A32E79DCB7}
	EndGlobalSection
EndGlobal
